
Microsoft Visual Studio Solution File, Format Version 12.00
# Visual Studio 15
VisualStudioVersion = 15.0.26730.16
MinimumVisualStudioVersion = 10.0.40219.1
Project("{9092AA53-FB77-4645-B42D-1CCCA6BD08BD}") = "4. Three Integers Sum", "4. Three Integers Sum.njsproj", "{297EE8BE-4CD7-48E0-B648-44ABB1DD7E3E}"
EndProject
Project("{9092AA53-FB77-4645-B42D-1CCCA6BD08BD}") = "5. Symmetric Numbers", "..\5. Symmetric Numbers\5. Symmetric Numbers.njsproj", "{253D3B33-1AD5-4DD1-930D-3A2DA274F32F}"
EndProject
Project("{9092AA53-FB77-4645-B42D-1CCCA6BD08BD}") = "6. Sums by Town", "6. Sums by Town\6. Sums by Town.njsproj", "{C6B76518-F43D-410D-B7AA-8E946CCCA87A}"
EndProject
Project("{9092AA53-FB77-4645-B42D-1CCCA6BD08BD}") = "7.Largest 3 Numbers", "7.Largest 3 Numbers\7.Largest 3 Numbers.njsproj", "{D5327FD6-233D-47C0-9A97-B74711831367}"
EndProject
Project("{9092AA53-FB77-4645-B42D-1CCCA6BD08BD}") = "8. Extract Capital-Case Words", "Extract CapitalCase\8. Extract Capital-Case Words.njsproj", "{CD8BDAC9-5B44-4005-8D65-373C136B0EC3}"
EndProject
Global
	GlobalSection(SolutionConfigurationPlatforms) = preSolution
		Debug|Any CPU = Debug|Any CPU
		Release|Any CPU = Release|Any CPU
	EndGlobalSection
	GlobalSection(ProjectConfigurationPlatforms) = postSolution
		{297EE8BE-4CD7-48E0-B648-44ABB1DD7E3E}.Debug|Any CPU.ActiveCfg = Debug|Any CPU
		{297EE8BE-4CD7-48E0-B648-44ABB1DD7E3E}.Debug|Any CPU.Build.0 = Debug|Any CPU
		{297EE8BE-4CD7-48E0-B648-44ABB1DD7E3E}.Release|Any CPU.ActiveCfg = Release|Any CPU
		{297EE8BE-4CD7-48E0-B648-44ABB1DD7E3E}.Release|Any CPU.Build.0 = Release|Any CPU
		{253D3B33-1AD5-4DD1-930D-3A2DA274F32F}.Debug|Any CPU.ActiveCfg = Debug|Any CPU
		{253D3B33-1AD5-4DD1-930D-3A2DA274F32F}.Debug|Any CPU.Build.0 = Debug|Any CPU
		{253D3B33-1AD5-4DD1-930D-3A2DA274F32F}.Release|Any CPU.ActiveCfg = Release|Any CPU
		{253D3B33-1AD5-4DD1-930D-3A2DA274F32F}.Release|Any CPU.Build.0 = Release|Any CPU
		{C6B76518-F43D-410D-B7AA-8E946CCCA87A}.Debug|Any CPU.ActiveCfg = Debug|Any CPU
		{C6B76518-F43D-410D-B7AA-8E946CCCA87A}.Debug|Any CPU.Build.0 = Debug|Any CPU
		{C6B76518-F43D-410D-B7AA-8E946CCCA87A}.Release|Any CPU.ActiveCfg = Release|Any CPU
		{C6B76518-F43D-410D-B7AA-8E946CCCA87A}.Release|Any CPU.Build.0 = Release|Any CPU
		{D5327FD6-233D-47C0-9A97-B74711831367}.Debug|Any CPU.ActiveCfg = Debug|Any CPU
		{D5327FD6-233D-47C0-9A97-B74711831367}.Debug|Any CPU.Build.0 = Debug|Any CPU
		{D5327FD6-233D-47C0-9A97-B74711831367}.Release|Any CPU.ActiveCfg = Release|Any CPU
		{D5327FD6-233D-47C0-9A97-B74711831367}.Release|Any CPU.Build.0 = Release|Any CPU
		{CD8BDAC9-5B44-4005-8D65-373C136B0EC3}.Debug|Any CPU.ActiveCfg = Debug|Any CPU
		{CD8BDAC9-5B44-4005-8D65-373C136B0EC3}.Debug|Any CPU.Build.0 = Debug|Any CPU
		{CD8BDAC9-5B44-4005-8D65-373C136B0EC3}.Release|Any CPU.ActiveCfg = Release|Any CPU
		{CD8BDAC9-5B44-4005-8D65-373C136B0EC3}.Release|Any CPU.Build.0 = Release|Any CPU
	EndGlobalSection
	GlobalSection(SolutionProperties) = preSolution
		HideSolutionNode = FALSE
	EndGlobalSection
	GlobalSection(ExtensibilityGlobals) = postSolution
		SolutionGuid = {42A74A76-3844-4352-AC54-C92FDA8AD5CA}
	EndGlobalSection
EndGlobal
