
Microsoft Visual Studio Solution File, Format Version 12.00
# Visual Studio 15
VisualStudioVersion = 15.0.27428.2027
MinimumVisualStudioVersion = 10.0.40219.1
Project("{FAE04EC0-301F-11D3-BF4B-00C04F79EFBC}") = "TODOList", "TODOList\TODOList.csproj", "{9033C150-4F55-4EAC-BD52-264E0ABA47FA}"
EndProject
Global
	GlobalSection(SolutionConfigurationPlatforms) = preSolution
		Debug|Any CPU = Debug|Any CPU
		Release|Any CPU = Release|Any CPU
	EndGlobalSection
	GlobalSection(ProjectConfigurationPlatforms) = postSolution
		{9033C150-4F55-4EAC-BD52-264E0ABA47FA}.Debug|Any CPU.ActiveCfg = Debug|Any CPU
		{9033C150-4F55-4EAC-BD52-264E0ABA47FA}.Debug|Any CPU.Build.0 = Debug|Any CPU
		{9033C150-4F55-4EAC-BD52-264E0ABA47FA}.Release|Any CPU.ActiveCfg = Release|Any CPU
		{9033C150-4F55-4EAC-BD52-264E0ABA47FA}.Release|Any CPU.Build.0 = Release|Any CPU
	EndGlobalSection
	GlobalSection(SolutionProperties) = preSolution
		HideSolutionNode = FALSE
	EndGlobalSection
	GlobalSection(ExtensibilityGlobals) = postSolution
		SolutionGuid = {5E59194D-C98E-4635-BED3-EDB96241A279}
	EndGlobalSection
EndGlobal
